
Microsoft Visual Studio Solution File, Format Version 12.00
# Visual Studio 2012
Project("{F088123C-0E9E-452A-89E6-6BA2F21D5CAC}") = "TaxObject", "TaxObject\TaxObject.modelproj", "{57E506F1-9F42-49A8-AF93-0898796E47C1}"
EndProject
Project("{FAE04EC0-301F-11D3-BF4B-00C04F79EFBC}") = "TaxObjectLib", "TaxObjectLib\TaxObjectLib.csproj", "{4E0A9101-F44F-40EA-B202-C3359D46753F}"
EndProject
Global
	GlobalSection(TeamFoundationVersionControl) = preSolution
		SccNumberOfProjects = 3
		SccEnterpriseProvider = {4CA58AB2-18FA-4F8D-95D4-32DDF27D184C}
		SccTeamFoundationServer = http://122.183.237.47:8080/tfs/jeevantax
		SccLocalPath0 = .
		SccProjectUniqueName1 = TaxObject\\TaxObject.modelproj
		SccProjectName1 = TaxObject
		SccLocalPath1 = TaxObject
		SccProjectUniqueName2 = TaxObjectLib\\TaxObjectLib.csproj
		SccProjectName2 = TaxObjectLib
		SccLocalPath2 = TaxObjectLib
	EndGlobalSection
	GlobalSection(SolutionConfigurationPlatforms) = preSolution
		Debug|Any CPU = Debug|Any CPU
		Release|Any CPU = Release|Any CPU
	EndGlobalSection
	GlobalSection(ProjectConfigurationPlatforms) = postSolution
		{57E506F1-9F42-49A8-AF93-0898796E47C1}.Debug|Any CPU.ActiveCfg = Debug|Any CPU
		{57E506F1-9F42-49A8-AF93-0898796E47C1}.Debug|Any CPU.Build.0 = Debug|Any CPU
		{57E506F1-9F42-49A8-AF93-0898796E47C1}.Release|Any CPU.ActiveCfg = Release|Any CPU
		{57E506F1-9F42-49A8-AF93-0898796E47C1}.Release|Any CPU.Build.0 = Release|Any CPU
		{4E0A9101-F44F-40EA-B202-C3359D46753F}.Debug|Any CPU.ActiveCfg = Debug|Any CPU
		{4E0A9101-F44F-40EA-B202-C3359D46753F}.Debug|Any CPU.Build.0 = Debug|Any CPU
		{4E0A9101-F44F-40EA-B202-C3359D46753F}.Release|Any CPU.ActiveCfg = Release|Any CPU
		{4E0A9101-F44F-40EA-B202-C3359D46753F}.Release|Any CPU.Build.0 = Release|Any CPU
	EndGlobalSection
	GlobalSection(SolutionProperties) = preSolution
		HideSolutionNode = FALSE
	EndGlobalSection
EndGlobal
